// !$*UTF8*$!
{
	archiveVersion = 1;
	classes = {
	};
	objectVersion = 51;
	objects = {

/* Begin PBXBuildFile section */
		B9DACD6AD3033871D0C69872 /* Pods_stocktracker.framework in Frameworks */ = {isa = PBXBuildFile; fileRef = 344E63571CCD43791060E55F /* Pods_stocktracker.framework */; };
		D640F32B27A11A3900E29C64 /* GoogleService-Info.plist in Resources */ = {isa = PBXBuildFile; fileRef = D640F32A27A11A3900E29C64 /* GoogleService-Info.plist */; };
		D65DC73E27B607430071302E /* StockSearchResultCell.swift in Sources */ = {isa = PBXBuildFile; fileRef = D65DC73D27B607430071302E /* StockSearchResultCell.swift */; };
		D65DC74027B7875D0071302E /* FirebaseService.swift in Sources */ = {isa = PBXBuildFile; fileRef = D65DC73F27B7875D0071302E /* FirebaseService.swift */; };
		D65DC74227B78F990071302E /* WatchlistController.swift in Sources */ = {isa = PBXBuildFile; fileRef = D65DC74127B78F990071302E /* WatchlistController.swift */; };
		D6A2452526B8416E00012125 /* AppDelegate.swift in Sources */ = {isa = PBXBuildFile; fileRef = D6A2452426B8416E00012125 /* AppDelegate.swift */; };
		D6A2452726B8416E00012125 /* SceneDelegate.swift in Sources */ = {isa = PBXBuildFile; fileRef = D6A2452626B8416E00012125 /* SceneDelegate.swift */; };
		D6A2452926B8416E00012125 /* HomeController.swift in Sources */ = {isa = PBXBuildFile; fileRef = D6A2452826B8416E00012125 /* HomeController.swift */; };
		D6A2452E26B8417100012125 /* Assets.xcassets in Resources */ = {isa = PBXBuildFile; fileRef = D6A2452D26B8417100012125 /* Assets.xcassets */; };
		D6A2453126B8417100012125 /* LaunchScreen.storyboard in Resources */ = {isa = PBXBuildFile; fileRef = D6A2452F26B8417100012125 /* LaunchScreen.storyboard */; };
		D6A2453A26B9C29500012125 /* CustomCollectionViewCell.swift in Sources */ = {isa = PBXBuildFile; fileRef = D6A2453926B9C29500012125 /* CustomCollectionViewCell.swift */; };
		D6A2453F26B9C78100012125 /* StockQuoteCell.swift in Sources */ = {isa = PBXBuildFile; fileRef = D6A2453E26B9C78100012125 /* StockQuoteCell.swift */; };
		D6A2454226B9C80700012125 /* Stock.swift in Sources */ = {isa = PBXBuildFile; fileRef = D6A2454126B9C80700012125 /* Stock.swift */; };
		D6A2454526B9C8AA00012125 /* AlphaVantageService.swift in Sources */ = {isa = PBXBuildFile; fileRef = D6A2454426B9C8AA00012125 /* AlphaVantageService.swift */; };
		D6A2454726BB6D0900012125 /* TabBarController.swift in Sources */ = {isa = PBXBuildFile; fileRef = D6A2454626BB6D0900012125 /* TabBarController.swift */; };
		D6A2454B26BC633F00012125 /* SearchController.swift in Sources */ = {isa = PBXBuildFile; fileRef = D6A2454A26BC633F00012125 /* SearchController.swift */; };
		D6A2454E26C3541700012125 /* Extensions.swift in Sources */ = {isa = PBXBuildFile; fileRef = D6A2454D26C3541700012125 /* Extensions.swift */; };
		D6C622AF27AC559600A4F11F /* CustomTableViewCell.swift in Sources */ = {isa = PBXBuildFile; fileRef = D6C622AE27AC559600A4F11F /* CustomTableViewCell.swift */; };
/* End PBXBuildFile section */

/* Begin PBXFileReference section */
		344E63571CCD43791060E55F /* Pods_stocktracker.framework */ = {isa = PBXFileReference; explicitFileType = wrapper.framework; includeInIndex = 0; path = Pods_stocktracker.framework; sourceTree = BUILT_PRODUCTS_DIR; };
		3D708441CB5811426CB823D0 /* Pods-stocktracker.debug.xcconfig */ = {isa = PBXFileReference; includeInIndex = 1; lastKnownFileType = text.xcconfig; name = "Pods-stocktracker.debug.xcconfig"; path = "Target Support Files/Pods-stocktracker/Pods-stocktracker.debug.xcconfig"; sourceTree = "<group>"; };
		D640F32A27A11A3900E29C64 /* GoogleService-Info.plist */ = {isa = PBXFileReference; fileEncoding = 4; lastKnownFileType = text.plist.xml; path = "GoogleService-Info.plist"; sourceTree = "<group>"; };
		D65DC73D27B607430071302E /* StockSearchResultCell.swift */ = {isa = PBXFileReference; lastKnownFileType = sourcecode.swift; path = StockSearchResultCell.swift; sourceTree = "<group>"; };
		D65DC73F27B7875D0071302E /* FirebaseService.swift */ = {isa = PBXFileReference; lastKnownFileType = sourcecode.swift; path = FirebaseService.swift; sourceTree = "<group>"; };
		D65DC74127B78F990071302E /* WatchlistController.swift */ = {isa = PBXFileReference; lastKnownFileType = sourcecode.swift; path = WatchlistController.swift; sourceTree = "<group>"; };
		D6A2452126B8416E00012125 /* stocktracker.app */ = {isa = PBXFileReference; explicitFileType = wrapper.application; includeInIndex = 0; path = stocktracker.app; sourceTree = BUILT_PRODUCTS_DIR; };
		D6A2452426B8416E00012125 /* AppDelegate.swift */ = {isa = PBXFileReference; lastKnownFileType = sourcecode.swift; path = AppDelegate.swift; sourceTree = "<group>"; };
		D6A2452626B8416E00012125 /* SceneDelegate.swift */ = {isa = PBXFileReference; lastKnownFileType = sourcecode.swift; path = SceneDelegate.swift; sourceTree = "<group>"; };
		D6A2452826B8416E00012125 /* HomeController.swift */ = {isa = PBXFileReference; lastKnownFileType = sourcecode.swift; path = HomeController.swift; sourceTree = "<group>"; };
		D6A2452D26B8417100012125 /* Assets.xcassets */ = {isa = PBXFileReference; lastKnownFileType = folder.assetcatalog; path = Assets.xcassets; sourceTree = "<group>"; };
		D6A2453026B8417100012125 /* Base */ = {isa = PBXFileReference; lastKnownFileType = file.storyboard; name = Base; path = Base.lproj/LaunchScreen.storyboard; sourceTree = "<group>"; };
		D6A2453226B8417100012125 /* Info.plist */ = {isa = PBXFileReference; lastKnownFileType = text.plist.xml; path = Info.plist; sourceTree = "<group>"; };
		D6A2453926B9C29500012125 /* CustomCollectionViewCell.swift */ = {isa = PBXFileReference; lastKnownFileType = sourcecode.swift; path = CustomCollectionViewCell.swift; sourceTree = "<group>"; };
		D6A2453E26B9C78100012125 /* StockQuoteCell.swift */ = {isa = PBXFileReference; lastKnownFileType = sourcecode.swift; path = StockQuoteCell.swift; sourceTree = "<group>"; };
		D6A2454126B9C80700012125 /* Stock.swift */ = {isa = PBXFileReference; lastKnownFileType = sourcecode.swift; path = Stock.swift; sourceTree = "<group>"; };
		D6A2454426B9C8AA00012125 /* AlphaVantageService.swift */ = {isa = PBXFileReference; lastKnownFileType = sourcecode.swift; path = AlphaVantageService.swift; sourceTree = "<group>"; };
		D6A2454626BB6D0900012125 /* TabBarController.swift */ = {isa = PBXFileReference; lastKnownFileType = sourcecode.swift; path = TabBarController.swift; sourceTree = "<group>"; };
		D6A2454A26BC633F00012125 /* SearchController.swift */ = {isa = PBXFileReference; lastKnownFileType = sourcecode.swift; path = SearchController.swift; sourceTree = "<group>"; };
		D6A2454D26C3541700012125 /* Extensions.swift */ = {isa = PBXFileReference; lastKnownFileType = sourcecode.swift; path = Extensions.swift; sourceTree = "<group>"; };
		D6C622AE27AC559600A4F11F /* CustomTableViewCell.swift */ = {isa = PBXFileReference; lastKnownFileType = sourcecode.swift; path = CustomTableViewCell.swift; sourceTree = "<group>"; };
		E5010A7886EA2CC30C300376 /* Pods-stocktracker.release.xcconfig */ = {isa = PBXFileReference; includeInIndex = 1; lastKnownFileType = text.xcconfig; name = "Pods-stocktracker.release.xcconfig"; path = "Target Support Files/Pods-stocktracker/Pods-stocktracker.release.xcconfig"; sourceTree = "<group>"; };
/* End PBXFileReference section */

/* Begin PBXFrameworksBuildPhase section */
		D6A2451E26B8416E00012125 /* Frameworks */ = {
			isa = PBXFrameworksBuildPhase;
			buildActionMask = 2147483647;
			files = (
				B9DACD6AD3033871D0C69872 /* Pods_stocktracker.framework in Frameworks */,
			);
			runOnlyForDeploymentPostprocessing = 0;
		};
/* End PBXFrameworksBuildPhase section */

/* Begin PBXGroup section */
		18CDCD44CCC19BE74273FA8D /* Pods */ = {
			isa = PBXGroup;
			children = (
				3D708441CB5811426CB823D0 /* Pods-stocktracker.debug.xcconfig */,
				E5010A7886EA2CC30C300376 /* Pods-stocktracker.release.xcconfig */,
			);
			path = Pods;
			sourceTree = "<group>";
		};
		8FD0E8908100DFCAE2CD8950 /* Frameworks */ = {
			isa = PBXGroup;
			children = (
				344E63571CCD43791060E55F /* Pods_stocktracker.framework */,
			);
			name = Frameworks;
			sourceTree = "<group>";
		};
		D6A2451826B8416E00012125 = {
			isa = PBXGroup;
			children = (
				D6A2452326B8416E00012125 /* stocktracker */,
				D6A2452226B8416E00012125 /* Products */,
				18CDCD44CCC19BE74273FA8D /* Pods */,
				8FD0E8908100DFCAE2CD8950 /* Frameworks */,
			);
			sourceTree = "<group>";
		};
		D6A2452226B8416E00012125 /* Products */ = {
			isa = PBXGroup;
			children = (
				D6A2452126B8416E00012125 /* stocktracker.app */,
			);
			name = Products;
			sourceTree = "<group>";
		};
		D6A2452326B8416E00012125 /* stocktracker */ = {
			isa = PBXGroup;
			children = (
				D6A2454C26C3540300012125 /* Helpers */,
				D6A2454326B9C89A00012125 /* Services */,
				D6A2454026B9C7F900012125 /* Models */,
				D6A2453D26B9C6F400012125 /* Controllers */,
				D6A2453B26B9C6C900012125 /* Views */,
				D6A2453826B9C28900012125 /* Base */,
				D6A2452426B8416E00012125 /* AppDelegate.swift */,
				D6A2452626B8416E00012125 /* SceneDelegate.swift */,
				D6A2452D26B8417100012125 /* Assets.xcassets */,
				D6A2452F26B8417100012125 /* LaunchScreen.storyboard */,
				D640F32A27A11A3900E29C64 /* GoogleService-Info.plist */,
				D6A2453226B8417100012125 /* Info.plist */,
			);
			path = stocktracker;
			sourceTree = "<group>";
		};
		D6A2453826B9C28900012125 /* Base */ = {
			isa = PBXGroup;
			children = (
				D6A2453926B9C29500012125 /* CustomCollectionViewCell.swift */,
				D6C622AE27AC559600A4F11F /* CustomTableViewCell.swift */,
			);
			path = Base;
			sourceTree = "<group>";
		};
		D6A2453B26B9C6C900012125 /* Views */ = {
			isa = PBXGroup;
			children = (
				D6A2453E26B9C78100012125 /* StockQuoteCell.swift */,
				D65DC73D27B607430071302E /* StockSearchResultCell.swift */,
			);
			path = Views;
			sourceTree = "<group>";
		};
		D6A2453D26B9C6F400012125 /* Controllers */ = {
			isa = PBXGroup;
			children = (
				D6A2452826B8416E00012125 /* HomeController.swift */,
				D6A2454626BB6D0900012125 /* TabBarController.swift */,
				D6A2454A26BC633F00012125 /* SearchController.swift */,
				D65DC74127B78F990071302E /* WatchlistController.swift */,
			);
			path = Controllers;
			sourceTree = "<group>";
		};
		D6A2454026B9C7F900012125 /* Models */ = {
			isa = PBXGroup;
			children = (
				D6A2454126B9C80700012125 /* Stock.swift */,
			);
			path = Models;
			sourceTree = "<group>";
		};
		D6A2454326B9C89A00012125 /* Services */ = {
			isa = PBXGroup;
			children = (
				D6A2454426B9C8AA00012125 /* AlphaVantageService.swift */,
				D65DC73F27B7875D0071302E /* FirebaseService.swift */,
			);
			path = Services;
			sourceTree = "<group>";
		};
		D6A2454C26C3540300012125 /* Helpers */ = {
			isa = PBXGroup;
			children = (
				D6A2454D26C3541700012125 /* Extensions.swift */,
			);
			path = Helpers;
			sourceTree = "<group>";
		};
/* End PBXGroup section */

/* Begin PBXNativeTarget section */
		D6A2452026B8416E00012125 /* stocktracker */ = {
			isa = PBXNativeTarget;
			buildConfigurationList = D6A2453526B8417100012125 /* Build configuration list for PBXNativeTarget "stocktracker" */;
			buildPhases = (
				B174D6780FEB7368574EFDCC /* [CP] Check Pods Manifest.lock */,
				D6A2451D26B8416E00012125 /* Sources */,
				D6A2451E26B8416E00012125 /* Frameworks */,
				D6A2451F26B8416E00012125 /* Resources */,
				050491A936F6BE9E4CFA9E3E /* [CP] Embed Pods Frameworks */,
			);
			buildRules = (
			);
			dependencies = (
			);
			name = stocktracker;
			productName = stocktracker;
			productReference = D6A2452126B8416E00012125 /* stocktracker.app */;
			productType = "com.apple.product-type.application";
		};
/* End PBXNativeTarget section */

/* Begin PBXProject section */
		D6A2451926B8416E00012125 /* Project object */ = {
			isa = PBXProject;
			attributes = {
				LastSwiftUpdateCheck = 1250;
				LastUpgradeCheck = 1250;
				TargetAttributes = {
					D6A2452026B8416E00012125 = {
						CreatedOnToolsVersion = 12.5.1;
					};
				};
			};
			buildConfigurationList = D6A2451C26B8416E00012125 /* Build configuration list for PBXProject "stocktracker" */;
			compatibilityVersion = "Xcode 9.3";
			developmentRegion = en;
			hasScannedForEncodings = 0;
			knownRegions = (
				en,
				Base,
			);
			mainGroup = D6A2451826B8416E00012125;
			productRefGroup = D6A2452226B8416E00012125 /* Products */;
			projectDirPath = "";
			projectRoot = "";
			targets = (
				D6A2452026B8416E00012125 /* stocktracker */,
			);
		};
/* End PBXProject section */

/* Begin PBXResourcesBuildPhase section */
		D6A2451F26B8416E00012125 /* Resources */ = {
			isa = PBXResourcesBuildPhase;
			buildActionMask = 2147483647;
			files = (
				D6A2453126B8417100012125 /* LaunchScreen.storyboard in Resources */,
				D6A2452E26B8417100012125 /* Assets.xcassets in Resources */,
				D640F32B27A11A3900E29C64 /* GoogleService-Info.plist in Resources */,
			);
			runOnlyForDeploymentPostprocessing = 0;
		};
/* End PBXResourcesBuildPhase section */

/* Begin PBXShellScriptBuildPhase section */
		050491A936F6BE9E4CFA9E3E /* [CP] Embed Pods Frameworks */ = {
			isa = PBXShellScriptBuildPhase;
			buildActionMask = 2147483647;
			files = (
			);
			inputFileListPaths = (
				"${PODS_ROOT}/Target Support Files/Pods-stocktracker/Pods-stocktracker-frameworks-${CONFIGURATION}-input-files.xcfilelist",
			);
			name = "[CP] Embed Pods Frameworks";
			outputFileListPaths = (
				"${PODS_ROOT}/Target Support Files/Pods-stocktracker/Pods-stocktracker-frameworks-${CONFIGURATION}-output-files.xcfilelist",
			);
			runOnlyForDeploymentPostprocessing = 0;
			shellPath = /bin/sh;
			shellScript = "\"${PODS_ROOT}/Target Support Files/Pods-stocktracker/Pods-stocktracker-frameworks.sh\"\n";
			showEnvVarsInLog = 0;
		};
		B174D6780FEB7368574EFDCC /* [CP] Check Pods Manifest.lock */ = {
			isa = PBXShellScriptBuildPhase;
			buildActionMask = 2147483647;
			files = (
			);
			inputFileListPaths = (
			);
			inputPaths = (
				"${PODS_PODFILE_DIR_PATH}/Podfile.lock",
				"${PODS_ROOT}/Manifest.lock",
			);
			name = "[CP] Check Pods Manifest.lock";
			outputFileListPaths = (
			);
			outputPaths = (
				"$(DERIVED_FILE_DIR)/Pods-stocktracker-checkManifestLockResult.txt",
			);
			runOnlyForDeploymentPostprocessing = 0;
			shellPath = /bin/sh;
			shellScript = "diff \"${PODS_PODFILE_DIR_PATH}/Podfile.lock\" \"${PODS_ROOT}/Manifest.lock\" > /dev/null\nif [ $? != 0 ] ; then\n    # print error to STDERR\n    echo \"error: The sandbox is not in sync with the Podfile.lock. Run 'pod install' or update your CocoaPods installation.\" >&2\n    exit 1\nfi\n# This output is used by Xcode 'outputs' to avoid re-running this script phase.\necho \"SUCCESS\" > \"${SCRIPT_OUTPUT_FILE_0}\"\n";
			showEnvVarsInLog = 0;
		};
/* End PBXShellScriptBuildPhase section */

/* Begin PBXSourcesBuildPhase section */
		D6A2451D26B8416E00012125 /* Sources */ = {
			isa = PBXSourcesBuildPhase;
			buildActionMask = 2147483647;
			files = (
				D6A2453A26B9C29500012125 /* CustomCollectionViewCell.swift in Sources */,
				D6A2454B26BC633F00012125 /* SearchController.swift in Sources */,
				D6C622AF27AC559600A4F11F /* CustomTableViewCell.swift in Sources */,
				D65DC73E27B607430071302E /* StockSearchResultCell.swift in Sources */,
				D6A2454726BB6D0900012125 /* TabBarController.swift in Sources */,
				D65DC74227B78F990071302E /* WatchlistController.swift in Sources */,
				D6A2452926B8416E00012125 /* HomeController.swift in Sources */,
				D6A2454226B9C80700012125 /* Stock.swift in Sources */,
				D65DC74027B7875D0071302E /* FirebaseService.swift in Sources */,
				D6A2454E26C3541700012125 /* Extensions.swift in Sources */,
				D6A2454526B9C8AA00012125 /* AlphaVantageService.swift in Sources */,
				D6A2452526B8416E00012125 /* AppDelegate.swift in Sources */,
				D6A2452726B8416E00012125 /* SceneDelegate.swift in Sources */,
				D6A2453F26B9C78100012125 /* StockQuoteCell.swift in Sources */,
			);
			runOnlyForDeploymentPostprocessing = 0;
		};
/* End PBXSourcesBuildPhase section */

/* Begin PBXVariantGroup section */
		D6A2452F26B8417100012125 /* LaunchScreen.storyboard */ = {
			isa = PBXVariantGroup;
			children = (
				D6A2453026B8417100012125 /* Base */,
			);
			name = LaunchScreen.storyboard;
			sourceTree = "<group>";
		};
/* End PBXVariantGroup section */

/* Begin XCBuildConfiguration section */
		D6A2453326B8417100012125 /* Debug */ = {
			isa = XCBuildConfiguration;
			buildSettings = {
				ALWAYS_SEARCH_USER_PATHS = NO;
				CLANG_ANALYZER_NONNULL = YES;
				CLANG_ANALYZER_NUMBER_OBJECT_CONVERSION = YES_AGGRESSIVE;
				CLANG_CXX_LANGUAGE_STANDARD = "gnu++14";
				CLANG_CXX_LIBRARY = "libc++";
				CLANG_ENABLE_MODULES = YES;
				CLANG_ENABLE_OBJC_ARC = YES;
				CLANG_ENABLE_OBJC_WEAK = YES;
				CLANG_WARN_BLOCK_CAPTURE_AUTORELEASING = YES;
				CLANG_WARN_BOOL_CONVERSION = YES;
				CLANG_WARN_COMMA = YES;
				CLANG_WARN_CONSTANT_CONVERSION = YES;
				CLANG_WARN_DEPRECATED_OBJC_IMPLEMENTATIONS = YES;
				CLANG_WARN_DIRECT_OBJC_ISA_USAGE = YES_ERROR;
				CLANG_WARN_DOCUMENTATION_COMMENTS = YES;
				CLANG_WARN_EMPTY_BODY = YES;
				CLANG_WARN_ENUM_CONVERSION = YES;
				CLANG_WARN_INFINITE_RECURSION = YES;
				CLANG_WARN_INT_CONVERSION = YES;
				CLANG_WARN_NON_LITERAL_NULL_CONVERSION = YES;
				CLANG_WARN_OBJC_IMPLICIT_RETAIN_SELF = YES;
				CLANG_WARN_OBJC_LITERAL_CONVERSION = YES;
				CLANG_WARN_OBJC_ROOT_CLASS = YES_ERROR;
				CLANG_WARN_QUOTED_INCLUDE_IN_FRAMEWORK_HEADER = YES;
				CLANG_WARN_RANGE_LOOP_ANALYSIS = YES;
				CLANG_WARN_STRICT_PROTOTYPES = YES;
				CLANG_WARN_SUSPICIOUS_MOVE = YES;
				CLANG_WARN_UNGUARDED_AVAILABILITY = YES_AGGRESSIVE;
				CLANG_WARN_UNREACHABLE_CODE = YES;
				CLANG_WARN__DUPLICATE_METHOD_MATCH = YES;
				COPY_PHASE_STRIP = NO;
				DEBUG_INFORMATION_FORMAT = dwarf;
				ENABLE_STRICT_OBJC_MSGSEND = YES;
				ENABLE_TESTABILITY = YES;
				GCC_C_LANGUAGE_STANDARD = gnu11;
				GCC_DYNAMIC_NO_PIC = NO;
				GCC_NO_COMMON_BLOCKS = YES;
				GCC_OPTIMIZATION_LEVEL = 0;
				GCC_PREPROCESSOR_DEFINITIONS = (
					"DEBUG=1",
					"$(inherited)",
				);
				GCC_WARN_64_TO_32_BIT_CONVERSION = YES;
				GCC_WARN_ABOUT_RETURN_TYPE = YES_ERROR;
				GCC_WARN_UNDECLARED_SELECTOR = YES;
				GCC_WARN_UNINITIALIZED_AUTOS = YES_AGGRESSIVE;
				GCC_WARN_UNUSED_FUNCTION = YES;
				GCC_WARN_UNUSED_VARIABLE = YES;
				IPHONEOS_DEPLOYMENT_TARGET = 14.5;
				MTL_ENABLE_DEBUG_INFO = INCLUDE_SOURCE;
				MTL_FAST_MATH = YES;
				ONLY_ACTIVE_ARCH = YES;
				SDKROOT = iphoneos;
				SWIFT_ACTIVE_COMPILATION_CONDITIONS = DEBUG;
				SWIFT_OPTIMIZATION_LEVEL = "-Onone";
			};
			name = Debug;
		};
		D6A2453426B8417100012125 /* Release */ = {
			isa = XCBuildConfiguration;
			buildSettings = {
				ALWAYS_SEARCH_USER_PATHS = NO;
				CLANG_ANALYZER_NONNULL = YES;
				CLANG_ANALYZER_NUMBER_OBJECT_CONVERSION = YES_AGGRESSIVE;
				CLANG_CXX_LANGUAGE_STANDARD = "gnu++14";
				CLANG_CXX_LIBRARY = "libc++";
				CLANG_ENABLE_MODULES = YES;
				CLANG_ENABLE_OBJC_ARC = YES;
				CLANG_ENABLE_OBJC_WEAK = YES;
				CLANG_WARN_BLOCK_CAPTURE_AUTORELEASING = YES;
				CLANG_WARN_BOOL_CONVERSION = YES;
				CLANG_WARN_COMMA = YES;
				CLANG_WARN_CONSTANT_CONVERSION = YES;
				CLANG_WARN_DEPRECATED_OBJC_IMPLEMENTATIONS = YES;
				CLANG_WARN_DIRECT_OBJC_ISA_USAGE = YES_ERROR;
				CLANG_WARN_DOCUMENTATION_COMMENTS = YES;
				CLANG_WARN_EMPTY_BODY = YES;
				CLANG_WARN_ENUM_CONVERSION = YES;
				CLANG_WARN_INFINITE_RECURSION = YES;
				CLANG_WARN_INT_CONVERSION = YES;
				CLANG_WARN_NON_LITERAL_NULL_CONVERSION = YES;
				CLANG_WARN_OBJC_IMPLICIT_RETAIN_SELF = YES;
				CLANG_WARN_OBJC_LITERAL_CONVERSION = YES;
				CLANG_WARN_OBJC_ROOT_CLASS = YES_ERROR;
				CLANG_WARN_QUOTED_INCLUDE_IN_FRAMEWORK_HEADER = YES;
				CLANG_WARN_RANGE_LOOP_ANALYSIS = YES;
				CLANG_WARN_STRICT_PROTOTYPES = YES;
				CLANG_WARN_SUSPICIOUS_MOVE = YES;
				CLANG_WARN_UNGUARDED_AVAILABILITY = YES_AGGRESSIVE;
				CLANG_WARN_UNREACHABLE_CODE = YES;
				CLANG_WARN__DUPLICATE_METHOD_MATCH = YES;
				COPY_PHASE_STRIP = NO;
				DEBUG_INFORMATION_FORMAT = "dwarf-with-dsym";
				ENABLE_NS_ASSERTIONS = NO;
				ENABLE_STRICT_OBJC_MSGSEND = YES;
				GCC_C_LANGUAGE_STANDARD = gnu11;
				GCC_NO_COMMON_BLOCKS = YES;
				GCC_WARN_64_TO_32_BIT_CONVERSION = YES;
				GCC_WARN_ABOUT_RETURN_TYPE = YES_ERROR;
				GCC_WARN_UNDECLARED_SELECTOR = YES;
				GCC_WARN_UNINITIALIZED_AUTOS = YES_AGGRESSIVE;
				GCC_WARN_UNUSED_FUNCTION = YES;
				GCC_WARN_UNUSED_VARIABLE = YES;
				IPHONEOS_DEPLOYMENT_TARGET = 14.5;
				MTL_ENABLE_DEBUG_INFO = NO;
				MTL_FAST_MATH = YES;
				SDKROOT = iphoneos;
				SWIFT_COMPILATION_MODE = wholemodule;
				SWIFT_OPTIMIZATION_LEVEL = "-O";
				VALIDATE_PRODUCT = YES;
			};
			name = Release;
		};
		D6A2453626B8417100012125 /* Debug */ = {
			isa = XCBuildConfiguration;
			baseConfigurationReference = 3D708441CB5811426CB823D0 /* Pods-stocktracker.debug.xcconfig */;
			buildSettings = {
				ASSETCATALOG_COMPILER_APPICON_NAME = AppIcon;
				ASSETCATALOG_COMPILER_GLOBAL_ACCENT_COLOR_NAME = AccentColor;
				CODE_SIGN_STYLE = Automatic;
				DEVELOPMENT_TEAM = 8GXFSFGRRK;
				INFOPLIST_FILE = stocktracker/Info.plist;
				LD_RUNPATH_SEARCH_PATHS = (
					"$(inherited)",
					"@executable_path/Frameworks",
				);
				PRODUCT_BUNDLE_IDENTIFIER = AlexDo.stocktracker;
				PRODUCT_NAME = "$(TARGET_NAME)";
				SWIFT_VERSION = 5.0;
				TARGETED_DEVICE_FAMILY = "1,2";
			};
			name = Debug;
		};
		D6A2453726B8417100012125 /* Release */ = {
			isa = XCBuildConfiguration;
			baseConfigurationReference = E5010A7886EA2CC30C300376 /* Pods-stocktracker.release.xcconfig */;
			buildSettings = {
				ASSETCATALOG_COMPILER_APPICON_NAME = AppIcon;
				ASSETCATALOG_COMPILER_GLOBAL_ACCENT_COLOR_NAME = AccentColor;
				CODE_SIGN_STYLE = Automatic;
				DEVELOPMENT_TEAM = 8GXFSFGRRK;
				INFOPLIST_FILE = stocktracker/Info.plist;
				LD_RUNPATH_SEARCH_PATHS = (
					"$(inherited)",
					"@executable_path/Frameworks",
				);
				PRODUCT_BUNDLE_IDENTIFIER = AlexDo.stocktracker;
				PRODUCT_NAME = "$(TARGET_NAME)";
				SWIFT_VERSION = 5.0;
				TARGETED_DEVICE_FAMILY = "1,2";
			};
			name = Release;
		};
/* End XCBuildConfiguration section */

/* Begin XCConfigurationList section */
		D6A2451C26B8416E00012125 /* Build configuration list for PBXProject "stocktracker" */ = {
			isa = XCConfigurationList;
			buildConfigurations = (
				D6A2453326B8417100012125 /* Debug */,
				D6A2453426B8417100012125 /* Release */,
			);
			defaultConfigurationIsVisible = 0;
			defaultConfigurationName = Release;
		};
		D6A2453526B8417100012125 /* Build configuration list for PBXNativeTarget "stocktracker" */ = {
			isa = XCConfigurationList;
			buildConfigurations = (
				D6A2453626B8417100012125 /* Debug */,
				D6A2453726B8417100012125 /* Release */,
			);
			defaultConfigurationIsVisible = 0;
			defaultConfigurationName = Release;
		};
/* End XCConfigurationList section */
	};
	rootObject = D6A2451926B8416E00012125 /* Project object */;
}
